
Microsoft Visual Studio Solution File, Format Version 12.00
# Visual Studio Version 16
VisualStudioVersion = 16.0.30523.141
MinimumVisualStudioVersion = 10.0.40219.1
Project("{FAE04EC0-301F-11D3-BF4B-00C04F79EFBC}") = "ToDoList2", "ToDoList2.csproj", "{DE6A5A26-29BA-4147-A9DC-166168331B4C}"
EndProject
Global
	GlobalSection(SolutionConfigurationPlatforms) = preSolution
		Debug|Any CPU = Debug|Any CPU
		Release|Any CPU = Release|Any CPU
	EndGlobalSection
	GlobalSection(ProjectConfigurationPlatforms) = postSolution
		{DE6A5A26-29BA-4147-A9DC-166168331B4C}.Debug|Any CPU.ActiveCfg = Debug|Any CPU
		{DE6A5A26-29BA-4147-A9DC-166168331B4C}.Debug|Any CPU.Build.0 = Debug|Any CPU
		{DE6A5A26-29BA-4147-A9DC-166168331B4C}.Release|Any CPU.ActiveCfg = Release|Any CPU
		{DE6A5A26-29BA-4147-A9DC-166168331B4C}.Release|Any CPU.Build.0 = Release|Any CPU
	EndGlobalSection
	GlobalSection(SolutionProperties) = preSolution
		HideSolutionNode = FALSE
	EndGlobalSection
	GlobalSection(ExtensibilityGlobals) = postSolution
		SolutionGuid = {46286662-8810-4146-9419-6C32595A6CD0}
	EndGlobalSection
EndGlobal
